
Microsoft Visual Studio Solution File, Format Version 12.00
Project("{FAE04EC0-301F-11D3-BF4B-00C04F79EFBC}") = "SecureChat.Server", "SecureChat.Server\SecureChat.Server.csproj", "{AB779484-E9B4-42BC-A9C2-2C88BFBE893E}"
EndProject
Project("{FAE04EC0-301F-11D3-BF4B-00C04F79EFBC}") = "SecureChat.Client", "SecureChat.Client\SecureChat.Client.csproj", "{8C910E96-5FD2-48DC-B25E-FB12415F5CC5}"
EndProject
Project("{FAE04EC0-301F-11D3-BF4B-00C04F79EFBC}") = "SecureChat.Broker", "SecureChat.Broker\SecureChat.Broker.csproj", "{2B753B91-E24B-42A8-895E-CE05699EE026}"
EndProject
Project("{FAE04EC0-301F-11D3-BF4B-00C04F79EFBC}") = "SecureChat.Database", "SecureChat.Database\SecureChat.Database.csproj", "{482DF63E-479D-4668-884D-91D7B685FEEA}"
EndProject
Project("{FAE04EC0-301F-11D3-BF4B-00C04F79EFBC}") = "SecureChat.Common", "SecureChat.Common\SecureChat.Common.csproj", "{77EDA91E-A8C4-4DA0-9565-91B0530573B4}"
EndProject
Project("{FAE04EC0-301F-11D3-BF4B-00C04F79EFBC}") = "Cryptography", "Cryptography\Cryptography.csproj", "{7BD18276-5A2A-4C5B-8C19-5235A6DFBFBD}"
EndProject
Global
	GlobalSection(SolutionConfigurationPlatforms) = preSolution
		Debug|Any CPU = Debug|Any CPU
		Release|Any CPU = Release|Any CPU
	EndGlobalSection
	GlobalSection(ProjectConfigurationPlatforms) = postSolution
		{AB779484-E9B4-42BC-A9C2-2C88BFBE893E}.Debug|Any CPU.ActiveCfg = Debug|Any CPU
		{AB779484-E9B4-42BC-A9C2-2C88BFBE893E}.Debug|Any CPU.Build.0 = Debug|Any CPU
		{AB779484-E9B4-42BC-A9C2-2C88BFBE893E}.Release|Any CPU.ActiveCfg = Release|Any CPU
		{AB779484-E9B4-42BC-A9C2-2C88BFBE893E}.Release|Any CPU.Build.0 = Release|Any CPU
		{8C910E96-5FD2-48DC-B25E-FB12415F5CC5}.Debug|Any CPU.ActiveCfg = Debug|Any CPU
		{8C910E96-5FD2-48DC-B25E-FB12415F5CC5}.Debug|Any CPU.Build.0 = Debug|Any CPU
		{8C910E96-5FD2-48DC-B25E-FB12415F5CC5}.Release|Any CPU.ActiveCfg = Release|Any CPU
		{8C910E96-5FD2-48DC-B25E-FB12415F5CC5}.Release|Any CPU.Build.0 = Release|Any CPU
		{2B753B91-E24B-42A8-895E-CE05699EE026}.Debug|Any CPU.ActiveCfg = Debug|Any CPU
		{2B753B91-E24B-42A8-895E-CE05699EE026}.Debug|Any CPU.Build.0 = Debug|Any CPU
		{2B753B91-E24B-42A8-895E-CE05699EE026}.Release|Any CPU.ActiveCfg = Release|Any CPU
		{2B753B91-E24B-42A8-895E-CE05699EE026}.Release|Any CPU.Build.0 = Release|Any CPU
		{482DF63E-479D-4668-884D-91D7B685FEEA}.Debug|Any CPU.ActiveCfg = Debug|Any CPU
		{482DF63E-479D-4668-884D-91D7B685FEEA}.Debug|Any CPU.Build.0 = Debug|Any CPU
		{482DF63E-479D-4668-884D-91D7B685FEEA}.Release|Any CPU.ActiveCfg = Release|Any CPU
		{482DF63E-479D-4668-884D-91D7B685FEEA}.Release|Any CPU.Build.0 = Release|Any CPU
		{77EDA91E-A8C4-4DA0-9565-91B0530573B4}.Debug|Any CPU.ActiveCfg = Debug|Any CPU
		{77EDA91E-A8C4-4DA0-9565-91B0530573B4}.Debug|Any CPU.Build.0 = Debug|Any CPU
		{77EDA91E-A8C4-4DA0-9565-91B0530573B4}.Release|Any CPU.ActiveCfg = Release|Any CPU
		{77EDA91E-A8C4-4DA0-9565-91B0530573B4}.Release|Any CPU.Build.0 = Release|Any CPU
		{7BD18276-5A2A-4C5B-8C19-5235A6DFBFBD}.Debug|Any CPU.ActiveCfg = Debug|Any CPU
		{7BD18276-5A2A-4C5B-8C19-5235A6DFBFBD}.Debug|Any CPU.Build.0 = Debug|Any CPU
		{7BD18276-5A2A-4C5B-8C19-5235A6DFBFBD}.Release|Any CPU.ActiveCfg = Release|Any CPU
		{7BD18276-5A2A-4C5B-8C19-5235A6DFBFBD}.Release|Any CPU.Build.0 = Release|Any CPU
	EndGlobalSection
EndGlobal
